
Microsoft Visual Studio Solution File, Format Version 12.00
# Visual Studio Version 17
VisualStudioVersion = 17.7.34024.191
MinimumVisualStudioVersion = 10.0.40219.1
Project("{FAE04EC0-301F-11D3-BF4B-00C04F79EFBC}") = "Enlap_Voting_Backend", "Enlap_Voting_Backend\Enlap_Voting_Backend.csproj", "{90001AF5-CF56-49DA-A55B-72C71E189C51}"
EndProject
Global
	GlobalSection(SolutionConfigurationPlatforms) = preSolution
		Debug|Any CPU = Debug|Any CPU
		Release|Any CPU = Release|Any CPU
	EndGlobalSection
	GlobalSection(ProjectConfigurationPlatforms) = postSolution
		{90001AF5-CF56-49DA-A55B-72C71E189C51}.Debug|Any CPU.ActiveCfg = Debug|Any CPU
		{90001AF5-CF56-49DA-A55B-72C71E189C51}.Debug|Any CPU.Build.0 = Debug|Any CPU
		{90001AF5-CF56-49DA-A55B-72C71E189C51}.Release|Any CPU.ActiveCfg = Release|Any CPU
		{90001AF5-CF56-49DA-A55B-72C71E189C51}.Release|Any CPU.Build.0 = Release|Any CPU
	EndGlobalSection
	GlobalSection(SolutionProperties) = preSolution
		HideSolutionNode = FALSE
	EndGlobalSection
	GlobalSection(ExtensibilityGlobals) = postSolution
		SolutionGuid = {211FD55C-715C-4E1A-9F4D-9E536A8CC247}
	EndGlobalSection
EndGlobal
